// !$*UTF8*$!
{
	archiveVersion = 1;
	classes = {
	};
	objectVersion = 50;
	objects = {

/* Begin PBXBuildFile section */
		3ED61C02240A7D3F00D05A2D /* AppDelegate.swift in Sources */ = {isa = PBXBuildFile; fileRef = 3ED61C01240A7D3F00D05A2D /* AppDelegate.swift */; };
		3ED61C04240A7D3F00D05A2D /* SceneDelegate.swift in Sources */ = {isa = PBXBuildFile; fileRef = 3ED61C03240A7D3F00D05A2D /* SceneDelegate.swift */; };
		3ED61C0B240A7D4600D05A2D /* Assets.xcassets in Resources */ = {isa = PBXBuildFile; fileRef = 3ED61C0A240A7D4600D05A2D /* Assets.xcassets */; };
		3ED61C0E240A7D4600D05A2D /* LaunchScreen.storyboard in Resources */ = {isa = PBXBuildFile; fileRef = 3ED61C0C240A7D4600D05A2D /* LaunchScreen.storyboard */; };
		3ED61C19240A7D4700D05A2D /* wpZadanieTests.swift in Sources */ = {isa = PBXBuildFile; fileRef = 3ED61C18240A7D4700D05A2D /* wpZadanieTests.swift */; };
		3ED61C24240A7DFD00D05A2D /* StoryboardLoadable.swift in Sources */ = {isa = PBXBuildFile; fileRef = 3ED61C23240A7DFD00D05A2D /* StoryboardLoadable.swift */; };
		3ED61C29240A7EA600D05A2D /* Quiz.swift in Sources */ = {isa = PBXBuildFile; fileRef = 3ED61C28240A7EA600D05A2D /* Quiz.swift */; };
		3ED61C2B240A7EAF00D05A2D /* QuizDetails.swift in Sources */ = {isa = PBXBuildFile; fileRef = 3ED61C2A240A7EAF00D05A2D /* QuizDetails.swift */; };
		3ED61C2D240A7EBB00D05A2D /* Parser.swift in Sources */ = {isa = PBXBuildFile; fileRef = 3ED61C2C240A7EBB00D05A2D /* Parser.swift */; };
		3ED61C2F240A7EFB00D05A2D /* NetworkClient.swift in Sources */ = {isa = PBXBuildFile; fileRef = 3ED61C2E240A7EFB00D05A2D /* NetworkClient.swift */; };
		3ED61C31240A7F0A00D05A2D /* DataProvider.swift in Sources */ = {isa = PBXBuildFile; fileRef = 3ED61C30240A7F0A00D05A2D /* DataProvider.swift */; };
		3ED61C33240A7F1F00D05A2D /* NetworkClient+Endpoints.swift in Sources */ = {isa = PBXBuildFile; fileRef = 3ED61C32240A7F1F00D05A2D /* NetworkClient+Endpoints.swift */; };
		3ED61C35240A918A00D05A2D /* ImageCache.swift in Sources */ = {isa = PBXBuildFile; fileRef = 3ED61C34240A918A00D05A2D /* ImageCache.swift */; };
		3ED61C38240BFA8600D05A2D /* QuizListViewController.swift in Sources */ = {isa = PBXBuildFile; fileRef = 3ED61C37240BFA8600D05A2D /* QuizListViewController.swift */; };
		3ED61C3A240BFA9000D05A2D /* QuizListViewModel.swift in Sources */ = {isa = PBXBuildFile; fileRef = 3ED61C39240BFA9000D05A2D /* QuizListViewModel.swift */; };
		3ED61C3C240BFAA600D05A2D /* QuizList.storyboard in Resources */ = {isa = PBXBuildFile; fileRef = 3ED61C3B240BFAA600D05A2D /* QuizList.storyboard */; };
		3ED61C3E240BFBCB00D05A2D /* QuizListTableViewCell.swift in Sources */ = {isa = PBXBuildFile; fileRef = 3ED61C3D240BFBCA00D05A2D /* QuizListTableViewCell.swift */; };
		3ED61C41240EF84E00D05A2D /* QuizViewController.swift in Sources */ = {isa = PBXBuildFile; fileRef = 3ED61C40240EF84E00D05A2D /* QuizViewController.swift */; };
		3ED61C43240EF85A00D05A2D /* QuizViewModel.swift in Sources */ = {isa = PBXBuildFile; fileRef = 3ED61C42240EF85A00D05A2D /* QuizViewModel.swift */; };
		3ED61C45240EF86500D05A2D /* Quiz.storyboard in Resources */ = {isa = PBXBuildFile; fileRef = 3ED61C44240EF86500D05A2D /* Quiz.storyboard */; };
		3ED61C48240EFBF000D05A2D /* QuestionCollectionViewCell.swift in Sources */ = {isa = PBXBuildFile; fileRef = 3ED61C46240EFBF000D05A2D /* QuestionCollectionViewCell.swift */; };
		3ED61C4F241055C400D05A2D /* TextAnswerCVCell.xib in Resources */ = {isa = PBXBuildFile; fileRef = 3ED61C4E241055C400D05A2D /* TextAnswerCVCell.xib */; };
		3ED61C512410572300D05A2D /* AnswerCVCell.swift in Sources */ = {isa = PBXBuildFile; fileRef = 3ED61C502410572300D05A2D /* AnswerCVCell.swift */; };
		3ED61C532410598400D05A2D /* ImageAnswerCVCell.xib in Resources */ = {isa = PBXBuildFile; fileRef = 3ED61C522410598400D05A2D /* ImageAnswerCVCell.xib */; };
		3ED61C5624141AF700D05A2D /* SampleQuizList.json in Resources */ = {isa = PBXBuildFile; fileRef = 3ED61C5524141AF700D05A2D /* SampleQuizList.json */; };
		3ED61C5824141B7700D05A2D /* JsonSample.swift in Sources */ = {isa = PBXBuildFile; fileRef = 3ED61C5724141B7700D05A2D /* JsonSample.swift */; };
		3ED61C5A24142C5800D05A2D /* ResultViewController.swift in Sources */ = {isa = PBXBuildFile; fileRef = 3ED61C5924142C5800D05A2D /* ResultViewController.swift */; };
		3ED61C5C24142C6200D05A2D /* ResultViewModel.swift in Sources */ = {isa = PBXBuildFile; fileRef = 3ED61C5B24142C6200D05A2D /* ResultViewModel.swift */; };
		3ED61C5E24142C7300D05A2D /* Result.storyboard in Resources */ = {isa = PBXBuildFile; fileRef = 3ED61C5D24142C7300D05A2D /* Result.storyboard */; };
		3ED61C612414F2A000D05A2D /* SampleQuiz.json in Resources */ = {isa = PBXBuildFile; fileRef = 3ED61C602414F2A000D05A2D /* SampleQuiz.json */; };
		3ED61C63241588C900D05A2D /* Colors.xcassets in Resources */ = {isa = PBXBuildFile; fileRef = 3ED61C62241588C800D05A2D /* Colors.xcassets */; };
		3ED61C652415A0D100D05A2D /* ProgressView.swift in Sources */ = {isa = PBXBuildFile; fileRef = 3ED61C642415A0D000D05A2D /* ProgressView.swift */; };
		3ED61C672415A76C00D05A2D /* ActivityIndicatorView.swift in Sources */ = {isa = PBXBuildFile; fileRef = 3ED61C662415A76C00D05A2D /* ActivityIndicatorView.swift */; };
/* End PBXBuildFile section */

/* Begin PBXContainerItemProxy section */
		3ED61C15240A7D4700D05A2D /* PBXContainerItemProxy */ = {
			isa = PBXContainerItemProxy;
			containerPortal = 3ED61BF6240A7D3F00D05A2D /* Project object */;
			proxyType = 1;
			remoteGlobalIDString = 3ED61BFD240A7D3F00D05A2D;
			remoteInfo = wpZadanie;
		};
/* End PBXContainerItemProxy section */

/* Begin PBXFileReference section */
		3ED61BFE240A7D3F00D05A2D /* wpZadanie.app */ = {isa = PBXFileReference; explicitFileType = wrapper.application; includeInIndex = 0; path = wpZadanie.app; sourceTree = BUILT_PRODUCTS_DIR; };
		3ED61C01240A7D3F00D05A2D /* AppDelegate.swift */ = {isa = PBXFileReference; lastKnownFileType = sourcecode.swift; path = AppDelegate.swift; sourceTree = "<group>"; };
		3ED61C03240A7D3F00D05A2D /* SceneDelegate.swift */ = {isa = PBXFileReference; lastKnownFileType = sourcecode.swift; path = SceneDelegate.swift; sourceTree = "<group>"; };
		3ED61C0A240A7D4600D05A2D /* Assets.xcassets */ = {isa = PBXFileReference; lastKnownFileType = folder.assetcatalog; path = Assets.xcassets; sourceTree = "<group>"; };
		3ED61C0D240A7D4600D05A2D /* Base */ = {isa = PBXFileReference; lastKnownFileType = file.storyboard; name = Base; path = Base.lproj/LaunchScreen.storyboard; sourceTree = "<group>"; };
		3ED61C0F240A7D4600D05A2D /* Info.plist */ = {isa = PBXFileReference; lastKnownFileType = text.plist.xml; path = Info.plist; sourceTree = "<group>"; };
		3ED61C14240A7D4700D05A2D /* wpZadanieTests.xctest */ = {isa = PBXFileReference; explicitFileType = wrapper.cfbundle; includeInIndex = 0; path = wpZadanieTests.xctest; sourceTree = BUILT_PRODUCTS_DIR; };
		3ED61C18240A7D4700D05A2D /* wpZadanieTests.swift */ = {isa = PBXFileReference; lastKnownFileType = sourcecode.swift; path = wpZadanieTests.swift; sourceTree = "<group>"; };
		3ED61C1A240A7D4700D05A2D /* Info.plist */ = {isa = PBXFileReference; lastKnownFileType = text.plist.xml; path = Info.plist; sourceTree = "<group>"; };
		3ED61C23240A7DFD00D05A2D /* StoryboardLoadable.swift */ = {isa = PBXFileReference; lastKnownFileType = sourcecode.swift; path = StoryboardLoadable.swift; sourceTree = "<group>"; };
		3ED61C28240A7EA600D05A2D /* Quiz.swift */ = {isa = PBXFileReference; lastKnownFileType = sourcecode.swift; path = Quiz.swift; sourceTree = "<group>"; };
		3ED61C2A240A7EAF00D05A2D /* QuizDetails.swift */ = {isa = PBXFileReference; lastKnownFileType = sourcecode.swift; path = QuizDetails.swift; sourceTree = "<group>"; };
		3ED61C2C240A7EBB00D05A2D /* Parser.swift */ = {isa = PBXFileReference; lastKnownFileType = sourcecode.swift; path = Parser.swift; sourceTree = "<group>"; };
		3ED61C2E240A7EFB00D05A2D /* NetworkClient.swift */ = {isa = PBXFileReference; lastKnownFileType = sourcecode.swift; path = NetworkClient.swift; sourceTree = "<group>"; };
		3ED61C30240A7F0A00D05A2D /* DataProvider.swift */ = {isa = PBXFileReference; lastKnownFileType = sourcecode.swift; path = DataProvider.swift; sourceTree = "<group>"; };
		3ED61C32240A7F1F00D05A2D /* NetworkClient+Endpoints.swift */ = {isa = PBXFileReference; lastKnownFileType = sourcecode.swift; path = "NetworkClient+Endpoints.swift"; sourceTree = "<group>"; };
		3ED61C34240A918A00D05A2D /* ImageCache.swift */ = {isa = PBXFileReference; lastKnownFileType = sourcecode.swift; path = ImageCache.swift; sourceTree = "<group>"; };
		3ED61C37240BFA8600D05A2D /* QuizListViewController.swift */ = {isa = PBXFileReference; lastKnownFileType = sourcecode.swift; path = QuizListViewController.swift; sourceTree = "<group>"; };
		3ED61C39240BFA9000D05A2D /* QuizListViewModel.swift */ = {isa = PBXFileReference; lastKnownFileType = sourcecode.swift; path = QuizListViewModel.swift; sourceTree = "<group>"; };
		3ED61C3B240BFAA600D05A2D /* QuizList.storyboard */ = {isa = PBXFileReference; lastKnownFileType = file.storyboard; path = QuizList.storyboard; sourceTree = "<group>"; };
		3ED61C3D240BFBCA00D05A2D /* QuizListTableViewCell.swift */ = {isa = PBXFileReference; lastKnownFileType = sourcecode.swift; path = QuizListTableViewCell.swift; sourceTree = "<group>"; };
		3ED61C40240EF84E00D05A2D /* QuizViewController.swift */ = {isa = PBXFileReference; lastKnownFileType = sourcecode.swift; path = QuizViewController.swift; sourceTree = "<group>"; };
		3ED61C42240EF85A00D05A2D /* QuizViewModel.swift */ = {isa = PBXFileReference; lastKnownFileType = sourcecode.swift; path = QuizViewModel.swift; sourceTree = "<group>"; };
		3ED61C44240EF86500D05A2D /* Quiz.storyboard */ = {isa = PBXFileReference; lastKnownFileType = file.storyboard; path = Quiz.storyboard; sourceTree = "<group>"; };
		3ED61C46240EFBF000D05A2D /* QuestionCollectionViewCell.swift */ = {isa = PBXFileReference; lastKnownFileType = sourcecode.swift; path = QuestionCollectionViewCell.swift; sourceTree = "<group>"; };
		3ED61C4E241055C400D05A2D /* TextAnswerCVCell.xib */ = {isa = PBXFileReference; lastKnownFileType = file.xib; path = TextAnswerCVCell.xib; sourceTree = "<group>"; };
		3ED61C502410572300D05A2D /* AnswerCVCell.swift */ = {isa = PBXFileReference; lastKnownFileType = sourcecode.swift; path = AnswerCVCell.swift; sourceTree = "<group>"; };
		3ED61C522410598400D05A2D /* ImageAnswerCVCell.xib */ = {isa = PBXFileReference; lastKnownFileType = file.xib; path = ImageAnswerCVCell.xib; sourceTree = "<group>"; };
		3ED61C5524141AF700D05A2D /* SampleQuizList.json */ = {isa = PBXFileReference; lastKnownFileType = text.json; path = SampleQuizList.json; sourceTree = "<group>"; };
		3ED61C5724141B7700D05A2D /* JsonSample.swift */ = {isa = PBXFileReference; lastKnownFileType = sourcecode.swift; path = JsonSample.swift; sourceTree = "<group>"; };
		3ED61C5924142C5800D05A2D /* ResultViewController.swift */ = {isa = PBXFileReference; lastKnownFileType = sourcecode.swift; path = ResultViewController.swift; sourceTree = "<group>"; };
		3ED61C5B24142C6200D05A2D /* ResultViewModel.swift */ = {isa = PBXFileReference; lastKnownFileType = sourcecode.swift; path = ResultViewModel.swift; sourceTree = "<group>"; };
		3ED61C5D24142C7300D05A2D /* Result.storyboard */ = {isa = PBXFileReference; lastKnownFileType = file.storyboard; path = Result.storyboard; sourceTree = "<group>"; };
		3ED61C602414F2A000D05A2D /* SampleQuiz.json */ = {isa = PBXFileReference; lastKnownFileType = text.json; path = SampleQuiz.json; sourceTree = "<group>"; };
		3ED61C62241588C800D05A2D /* Colors.xcassets */ = {isa = PBXFileReference; lastKnownFileType = folder.assetcatalog; path = Colors.xcassets; sourceTree = "<group>"; };
		3ED61C642415A0D000D05A2D /* ProgressView.swift */ = {isa = PBXFileReference; lastKnownFileType = sourcecode.swift; path = ProgressView.swift; sourceTree = "<group>"; };
		3ED61C662415A76C00D05A2D /* ActivityIndicatorView.swift */ = {isa = PBXFileReference; lastKnownFileType = sourcecode.swift; path = ActivityIndicatorView.swift; sourceTree = "<group>"; };
/* End PBXFileReference section */

/* Begin PBXFrameworksBuildPhase section */
		3ED61BFB240A7D3F00D05A2D /* Frameworks */ = {
			isa = PBXFrameworksBuildPhase;
			buildActionMask = 2147483647;
			files = (
			);
			runOnlyForDeploymentPostprocessing = 0;
		};
		3ED61C11240A7D4700D05A2D /* Frameworks */ = {
			isa = PBXFrameworksBuildPhase;
			buildActionMask = 2147483647;
			files = (
			);
			runOnlyForDeploymentPostprocessing = 0;
		};
/* End PBXFrameworksBuildPhase section */

/* Begin PBXGroup section */
		3ED61BF5240A7D3F00D05A2D = {
			isa = PBXGroup;
			children = (
				3ED61C602414F2A000D05A2D /* SampleQuiz.json */,
				3ED61C5524141AF700D05A2D /* SampleQuizList.json */,
				3ED61C00240A7D3F00D05A2D /* wpZadanie */,
				3ED61C17240A7D4700D05A2D /* wpZadanieTests */,
				3ED61BFF240A7D3F00D05A2D /* Products */,
			);
			sourceTree = "<group>";
		};
		3ED61BFF240A7D3F00D05A2D /* Products */ = {
			isa = PBXGroup;
			children = (
				3ED61BFE240A7D3F00D05A2D /* wpZadanie.app */,
				3ED61C14240A7D4700D05A2D /* wpZadanieTests.xctest */,
			);
			name = Products;
			sourceTree = "<group>";
		};
		3ED61C00240A7D3F00D05A2D /* wpZadanie */ = {
			isa = PBXGroup;
			children = (
				3ED61C36240BFA7000D05A2D /* QuizListScene */,
				3ED61C3F240EF80E00D05A2D /* QuizScene */,
				3ED61C25240A7E4100D05A2D /* Common */,
				3ED61C0F240A7D4600D05A2D /* Info.plist */,
				3ED61C0A240A7D4600D05A2D /* Assets.xcassets */,
				3ED61C62241588C800D05A2D /* Colors.xcassets */,
				3ED61C0C240A7D4600D05A2D /* LaunchScreen.storyboard */,
			);
			path = wpZadanie;
			sourceTree = "<group>";
		};
		3ED61C17240A7D4700D05A2D /* wpZadanieTests */ = {
			isa = PBXGroup;
			children = (
				3ED61C18240A7D4700D05A2D /* wpZadanieTests.swift */,
				3ED61C1A240A7D4700D05A2D /* Info.plist */,
			);
			path = wpZadanieTests;
			sourceTree = "<group>";
		};
		3ED61C25240A7E4100D05A2D /* Common */ = {
			isa = PBXGroup;
			children = (
				3ED61C27240A7E9300D05A2D /* Model */,
				3ED61C26240A7E6E00D05A2D /* Networking */,
				3ED61C682415B79A00D05A2D /* Views */,
				3ED61C01240A7D3F00D05A2D /* AppDelegate.swift */,
				3ED61C03240A7D3F00D05A2D /* SceneDelegate.swift */,
				3ED61C23240A7DFD00D05A2D /* StoryboardLoadable.swift */,
				3ED61C2C240A7EBB00D05A2D /* Parser.swift */,
				3ED61C34240A918A00D05A2D /* ImageCache.swift */,
				3ED61C5724141B7700D05A2D /* JsonSample.swift */,
			);
			path = Common;
			sourceTree = "<group>";
		};
		3ED61C26240A7E6E00D05A2D /* Networking */ = {
			isa = PBXGroup;
			children = (
				3ED61C2E240A7EFB00D05A2D /* NetworkClient.swift */,
				3ED61C30240A7F0A00D05A2D /* DataProvider.swift */,
				3ED61C32240A7F1F00D05A2D /* NetworkClient+Endpoints.swift */,
			);
			path = Networking;
			sourceTree = "<group>";
		};
		3ED61C27240A7E9300D05A2D /* Model */ = {
			isa = PBXGroup;
			children = (
				3ED61C28240A7EA600D05A2D /* Quiz.swift */,
				3ED61C2A240A7EAF00D05A2D /* QuizDetails.swift */,
			);
			path = Model;
			sourceTree = "<group>";
		};
		3ED61C36240BFA7000D05A2D /* QuizListScene */ = {
			isa = PBXGroup;
			children = (
				3ED61C37240BFA8600D05A2D /* QuizListViewController.swift */,
				3ED61C39240BFA9000D05A2D /* QuizListViewModel.swift */,
				3ED61C3D240BFBCA00D05A2D /* QuizListTableViewCell.swift */,
				3ED61C3B240BFAA600D05A2D /* QuizList.storyboard */,
			);
			path = QuizListScene;
			sourceTree = "<group>";
		};
		3ED61C3F240EF80E00D05A2D /* QuizScene */ = {
			isa = PBXGroup;
			children = (
				3ED61C40240EF84E00D05A2D /* QuizViewController.swift */,
				3ED61C42240EF85A00D05A2D /* QuizViewModel.swift */,
				3ED61C44240EF86500D05A2D /* Quiz.storyboard */,
				3ED61C5424105D0800D05A2D /* AnswerCVCells */,
				3ED61C5F24142C7E00D05A2D /* ResultView */,
			);
			path = QuizScene;
			sourceTree = "<group>";
		};
		3ED61C5424105D0800D05A2D /* AnswerCVCells */ = {
			isa = PBXGroup;
			children = (
				3ED61C46240EFBF000D05A2D /* QuestionCollectionViewCell.swift */,
				3ED61C502410572300D05A2D /* AnswerCVCell.swift */,
				3ED61C4E241055C400D05A2D /* TextAnswerCVCell.xib */,
				3ED61C522410598400D05A2D /* ImageAnswerCVCell.xib */,
			);
			path = AnswerCVCells;
			sourceTree = "<group>";
		};
		3ED61C5F24142C7E00D05A2D /* ResultView */ = {
			isa = PBXGroup;
			children = (
				3ED61C5924142C5800D05A2D /* ResultViewController.swift */,
				3ED61C5B24142C6200D05A2D /* ResultViewModel.swift */,
				3ED61C5D24142C7300D05A2D /* Result.storyboard */,
			);
			path = ResultView;
			sourceTree = "<group>";
		};
		3ED61C682415B79A00D05A2D /* Views */ = {
			isa = PBXGroup;
			children = (
				3ED61C642415A0D000D05A2D /* ProgressView.swift */,
				3ED61C662415A76C00D05A2D /* ActivityIndicatorView.swift */,
			);
			path = Views;
			sourceTree = "<group>";
		};
/* End PBXGroup section */

/* Begin PBXNativeTarget section */
		3ED61BFD240A7D3F00D05A2D /* wpZadanie */ = {
			isa = PBXNativeTarget;
			buildConfigurationList = 3ED61C1D240A7D4700D05A2D /* Build configuration list for PBXNativeTarget "wpZadanie" */;
			buildPhases = (
				3ED61BFA240A7D3F00D05A2D /* Sources */,
				3ED61BFB240A7D3F00D05A2D /* Frameworks */,
				3ED61BFC240A7D3F00D05A2D /* Resources */,
			);
			buildRules = (
			);
			dependencies = (
			);
			name = wpZadanie;
			productName = wpZadanie;
			productReference = 3ED61BFE240A7D3F00D05A2D /* wpZadanie.app */;
			productType = "com.apple.product-type.application";
		};
		3ED61C13240A7D4700D05A2D /* wpZadanieTests */ = {
			isa = PBXNativeTarget;
			buildConfigurationList = 3ED61C20240A7D4700D05A2D /* Build configuration list for PBXNativeTarget "wpZadanieTests" */;
			buildPhases = (
				3ED61C10240A7D4700D05A2D /* Sources */,
				3ED61C11240A7D4700D05A2D /* Frameworks */,
				3ED61C12240A7D4700D05A2D /* Resources */,
			);
			buildRules = (
			);
			dependencies = (
				3ED61C16240A7D4700D05A2D /* PBXTargetDependency */,
			);
			name = wpZadanieTests;
			productName = wpZadanieTests;
			productReference = 3ED61C14240A7D4700D05A2D /* wpZadanieTests.xctest */;
			productType = "com.apple.product-type.bundle.unit-test";
		};
/* End PBXNativeTarget section */

/* Begin PBXProject section */
		3ED61BF6240A7D3F00D05A2D /* Project object */ = {
			isa = PBXProject;
			attributes = {
				LastSwiftUpdateCheck = 1130;
				LastUpgradeCheck = 1130;
				ORGANIZATIONNAME = "Filip Harasim";
				TargetAttributes = {
					3ED61BFD240A7D3F00D05A2D = {
						CreatedOnToolsVersion = 11.3.1;
					};
					3ED61C13240A7D4700D05A2D = {
						CreatedOnToolsVersion = 11.3.1;
						TestTargetID = 3ED61BFD240A7D3F00D05A2D;
					};
				};
			};
			buildConfigurationList = 3ED61BF9240A7D3F00D05A2D /* Build configuration list for PBXProject "wpZadanie" */;
			compatibilityVersion = "Xcode 9.3";
			developmentRegion = en;
			hasScannedForEncodings = 0;
			knownRegions = (
				en,
				Base,
			);
			mainGroup = 3ED61BF5240A7D3F00D05A2D;
			productRefGroup = 3ED61BFF240A7D3F00D05A2D /* Products */;
			projectDirPath = "";
			projectRoot = "";
			targets = (
				3ED61BFD240A7D3F00D05A2D /* wpZadanie */,
				3ED61C13240A7D4700D05A2D /* wpZadanieTests */,
			);
		};
/* End PBXProject section */

/* Begin PBXResourcesBuildPhase section */
		3ED61BFC240A7D3F00D05A2D /* Resources */ = {
			isa = PBXResourcesBuildPhase;
			buildActionMask = 2147483647;
			files = (
				3ED61C5624141AF700D05A2D /* SampleQuizList.json in Resources */,
				3ED61C3C240BFAA600D05A2D /* QuizList.storyboard in Resources */,
				3ED61C612414F2A000D05A2D /* SampleQuiz.json in Resources */,
				3ED61C0E240A7D4600D05A2D /* LaunchScreen.storyboard in Resources */,
				3ED61C4F241055C400D05A2D /* TextAnswerCVCell.xib in Resources */,
				3ED61C63241588C900D05A2D /* Colors.xcassets in Resources */,
				3ED61C45240EF86500D05A2D /* Quiz.storyboard in Resources */,
				3ED61C532410598400D05A2D /* ImageAnswerCVCell.xib in Resources */,
				3ED61C0B240A7D4600D05A2D /* Assets.xcassets in Resources */,
				3ED61C5E24142C7300D05A2D /* Result.storyboard in Resources */,
			);
			runOnlyForDeploymentPostprocessing = 0;
		};
		3ED61C12240A7D4700D05A2D /* Resources */ = {
			isa = PBXResourcesBuildPhase;
			buildActionMask = 2147483647;
			files = (
			);
			runOnlyForDeploymentPostprocessing = 0;
		};
/* End PBXResourcesBuildPhase section */

/* Begin PBXSourcesBuildPhase section */
		3ED61BFA240A7D3F00D05A2D /* Sources */ = {
			isa = PBXSourcesBuildPhase;
			buildActionMask = 2147483647;
			files = (
				3ED61C35240A918A00D05A2D /* ImageCache.swift in Sources */,
				3ED61C5A24142C5800D05A2D /* ResultViewController.swift in Sources */,
				3ED61C41240EF84E00D05A2D /* QuizViewController.swift in Sources */,
				3ED61C3E240BFBCB00D05A2D /* QuizListTableViewCell.swift in Sources */,
				3ED61C43240EF85A00D05A2D /* QuizViewModel.swift in Sources */,
				3ED61C3A240BFA9000D05A2D /* QuizListViewModel.swift in Sources */,
				3ED61C02240A7D3F00D05A2D /* AppDelegate.swift in Sources */,
				3ED61C512410572300D05A2D /* AnswerCVCell.swift in Sources */,
				3ED61C24240A7DFD00D05A2D /* StoryboardLoadable.swift in Sources */,
				3ED61C2B240A7EAF00D05A2D /* QuizDetails.swift in Sources */,
				3ED61C33240A7F1F00D05A2D /* NetworkClient+Endpoints.swift in Sources */,
				3ED61C652415A0D100D05A2D /* ProgressView.swift in Sources */,
				3ED61C5C24142C6200D05A2D /* ResultViewModel.swift in Sources */,
				3ED61C04240A7D3F00D05A2D /* SceneDelegate.swift in Sources */,
				3ED61C5824141B7700D05A2D /* JsonSample.swift in Sources */,
				3ED61C48240EFBF000D05A2D /* QuestionCollectionViewCell.swift in Sources */,
				3ED61C29240A7EA600D05A2D /* Quiz.swift in Sources */,
				3ED61C672415A76C00D05A2D /* ActivityIndicatorView.swift in Sources */,
				3ED61C31240A7F0A00D05A2D /* DataProvider.swift in Sources */,
				3ED61C2D240A7EBB00D05A2D /* Parser.swift in Sources */,
				3ED61C2F240A7EFB00D05A2D /* NetworkClient.swift in Sources */,
				3ED61C38240BFA8600D05A2D /* QuizListViewController.swift in Sources */,
			);
			runOnlyForDeploymentPostprocessing = 0;
		};
		3ED61C10240A7D4700D05A2D /* Sources */ = {
			isa = PBXSourcesBuildPhase;
			buildActionMask = 2147483647;
			files = (
				3ED61C19240A7D4700D05A2D /* wpZadanieTests.swift in Sources */,
			);
			runOnlyForDeploymentPostprocessing = 0;
		};
/* End PBXSourcesBuildPhase section */

/* Begin PBXTargetDependency section */
		3ED61C16240A7D4700D05A2D /* PBXTargetDependency */ = {
			isa = PBXTargetDependency;
			target = 3ED61BFD240A7D3F00D05A2D /* wpZadanie */;
			targetProxy = 3ED61C15240A7D4700D05A2D /* PBXContainerItemProxy */;
		};
/* End PBXTargetDependency section */

/* Begin PBXVariantGroup section */
		3ED61C0C240A7D4600D05A2D /* LaunchScreen.storyboard */ = {
			isa = PBXVariantGroup;
			children = (
				3ED61C0D240A7D4600D05A2D /* Base */,
			);
			name = LaunchScreen.storyboard;
			sourceTree = "<group>";
		};
/* End PBXVariantGroup section */

/* Begin XCBuildConfiguration section */
		3ED61C1B240A7D4700D05A2D /* Debug */ = {
			isa = XCBuildConfiguration;
			buildSettings = {
				ALWAYS_SEARCH_USER_PATHS = NO;
				CLANG_ANALYZER_NONNULL = YES;
				CLANG_ANALYZER_NUMBER_OBJECT_CONVERSION = YES_AGGRESSIVE;
				CLANG_CXX_LANGUAGE_STANDARD = "gnu++14";
				CLANG_CXX_LIBRARY = "libc++";
				CLANG_ENABLE_MODULES = YES;
				CLANG_ENABLE_OBJC_ARC = YES;
				CLANG_ENABLE_OBJC_WEAK = YES;
				CLANG_WARN_BLOCK_CAPTURE_AUTORELEASING = YES;
				CLANG_WARN_BOOL_CONVERSION = YES;
				CLANG_WARN_COMMA = YES;
				CLANG_WARN_CONSTANT_CONVERSION = YES;
				CLANG_WARN_DEPRECATED_OBJC_IMPLEMENTATIONS = YES;
				CLANG_WARN_DIRECT_OBJC_ISA_USAGE = YES_ERROR;
				CLANG_WARN_DOCUMENTATION_COMMENTS = YES;
				CLANG_WARN_EMPTY_BODY = YES;
				CLANG_WARN_ENUM_CONVERSION = YES;
				CLANG_WARN_INFINITE_RECURSION = YES;
				CLANG_WARN_INT_CONVERSION = YES;
				CLANG_WARN_NON_LITERAL_NULL_CONVERSION = YES;
				CLANG_WARN_OBJC_IMPLICIT_RETAIN_SELF = YES;
				CLANG_WARN_OBJC_LITERAL_CONVERSION = YES;
				CLANG_WARN_OBJC_ROOT_CLASS = YES_ERROR;
				CLANG_WARN_RANGE_LOOP_ANALYSIS = YES;
				CLANG_WARN_STRICT_PROTOTYPES = YES;
				CLANG_WARN_SUSPICIOUS_MOVE = YES;
				CLANG_WARN_UNGUARDED_AVAILABILITY = YES_AGGRESSIVE;
				CLANG_WARN_UNREACHABLE_CODE = YES;
				CLANG_WARN__DUPLICATE_METHOD_MATCH = YES;
				COPY_PHASE_STRIP = NO;
				DEBUG_INFORMATION_FORMAT = dwarf;
				ENABLE_STRICT_OBJC_MSGSEND = YES;
				ENABLE_TESTABILITY = YES;
				GCC_C_LANGUAGE_STANDARD = gnu11;
				GCC_DYNAMIC_NO_PIC = NO;
				GCC_NO_COMMON_BLOCKS = YES;
				GCC_OPTIMIZATION_LEVEL = 0;
				GCC_PREPROCESSOR_DEFINITIONS = (
					"DEBUG=1",
					"$(inherited)",
				);
				GCC_WARN_64_TO_32_BIT_CONVERSION = YES;
				GCC_WARN_ABOUT_RETURN_TYPE = YES_ERROR;
				GCC_WARN_UNDECLARED_SELECTOR = YES;
				GCC_WARN_UNINITIALIZED_AUTOS = YES_AGGRESSIVE;
				GCC_WARN_UNUSED_FUNCTION = YES;
				GCC_WARN_UNUSED_VARIABLE = YES;
				IPHONEOS_DEPLOYMENT_TARGET = 13.2;
				MTL_ENABLE_DEBUG_INFO = INCLUDE_SOURCE;
				MTL_FAST_MATH = YES;
				ONLY_ACTIVE_ARCH = YES;
				SDKROOT = iphoneos;
				SWIFT_ACTIVE_COMPILATION_CONDITIONS = DEBUG;
				SWIFT_OPTIMIZATION_LEVEL = "-Onone";
			};
			name = Debug;
		};
		3ED61C1C240A7D4700D05A2D /* Release */ = {
			isa = XCBuildConfiguration;
			buildSettings = {
				ALWAYS_SEARCH_USER_PATHS = NO;
				CLANG_ANALYZER_NONNULL = YES;
				CLANG_ANALYZER_NUMBER_OBJECT_CONVERSION = YES_AGGRESSIVE;
				CLANG_CXX_LANGUAGE_STANDARD = "gnu++14";
				CLANG_CXX_LIBRARY = "libc++";
				CLANG_ENABLE_MODULES = YES;
				CLANG_ENABLE_OBJC_ARC = YES;
				CLANG_ENABLE_OBJC_WEAK = YES;
				CLANG_WARN_BLOCK_CAPTURE_AUTORELEASING = YES;
				CLANG_WARN_BOOL_CONVERSION = YES;
				CLANG_WARN_COMMA = YES;
				CLANG_WARN_CONSTANT_CONVERSION = YES;
				CLANG_WARN_DEPRECATED_OBJC_IMPLEMENTATIONS = YES;
				CLANG_WARN_DIRECT_OBJC_ISA_USAGE = YES_ERROR;
				CLANG_WARN_DOCUMENTATION_COMMENTS = YES;
				CLANG_WARN_EMPTY_BODY = YES;
				CLANG_WARN_ENUM_CONVERSION = YES;
				CLANG_WARN_INFINITE_RECURSION = YES;
				CLANG_WARN_INT_CONVERSION = YES;
				CLANG_WARN_NON_LITERAL_NULL_CONVERSION = YES;
				CLANG_WARN_OBJC_IMPLICIT_RETAIN_SELF = YES;
				CLANG_WARN_OBJC_LITERAL_CONVERSION = YES;
				CLANG_WARN_OBJC_ROOT_CLASS = YES_ERROR;
				CLANG_WARN_RANGE_LOOP_ANALYSIS = YES;
				CLANG_WARN_STRICT_PROTOTYPES = YES;
				CLANG_WARN_SUSPICIOUS_MOVE = YES;
				CLANG_WARN_UNGUARDED_AVAILABILITY = YES_AGGRESSIVE;
				CLANG_WARN_UNREACHABLE_CODE = YES;
				CLANG_WARN__DUPLICATE_METHOD_MATCH = YES;
				COPY_PHASE_STRIP = NO;
				DEBUG_INFORMATION_FORMAT = "dwarf-with-dsym";
				ENABLE_NS_ASSERTIONS = NO;
				ENABLE_STRICT_OBJC_MSGSEND = YES;
				GCC_C_LANGUAGE_STANDARD = gnu11;
				GCC_NO_COMMON_BLOCKS = YES;
				GCC_WARN_64_TO_32_BIT_CONVERSION = YES;
				GCC_WARN_ABOUT_RETURN_TYPE = YES_ERROR;
				GCC_WARN_UNDECLARED_SELECTOR = YES;
				GCC_WARN_UNINITIALIZED_AUTOS = YES_AGGRESSIVE;
				GCC_WARN_UNUSED_FUNCTION = YES;
				GCC_WARN_UNUSED_VARIABLE = YES;
				IPHONEOS_DEPLOYMENT_TARGET = 13.2;
				MTL_ENABLE_DEBUG_INFO = NO;
				MTL_FAST_MATH = YES;
				SDKROOT = iphoneos;
				SWIFT_COMPILATION_MODE = wholemodule;
				SWIFT_OPTIMIZATION_LEVEL = "-O";
				VALIDATE_PRODUCT = YES;
			};
			name = Release;
		};
		3ED61C1E240A7D4700D05A2D /* Debug */ = {
			isa = XCBuildConfiguration;
			buildSettings = {
				ASSETCATALOG_COMPILER_APPICON_NAME = AppIcon;
				CODE_SIGN_STYLE = Automatic;
				DEVELOPMENT_TEAM = KZUH8T552C;
				INFOPLIST_FILE = wpZadanie/Info.plist;
				IPHONEOS_DEPLOYMENT_TARGET = 11.0;
				LD_RUNPATH_SEARCH_PATHS = (
					"$(inherited)",
					"@executable_path/Frameworks",
				);
				PRODUCT_BUNDLE_IDENTIFIER = "filip-harasim.wpZadanie";
				PRODUCT_NAME = "$(TARGET_NAME)";
				SWIFT_VERSION = 5.0;
				TARGETED_DEVICE_FAMILY = "1,2";
			};
			name = Debug;
		};
		3ED61C1F240A7D4700D05A2D /* Release */ = {
			isa = XCBuildConfiguration;
			buildSettings = {
				ASSETCATALOG_COMPILER_APPICON_NAME = AppIcon;
				CODE_SIGN_STYLE = Automatic;
				DEVELOPMENT_TEAM = KZUH8T552C;
				INFOPLIST_FILE = wpZadanie/Info.plist;
				IPHONEOS_DEPLOYMENT_TARGET = 11.0;
				LD_RUNPATH_SEARCH_PATHS = (
					"$(inherited)",
					"@executable_path/Frameworks",
				);
				PRODUCT_BUNDLE_IDENTIFIER = "filip-harasim.wpZadanie";
				PRODUCT_NAME = "$(TARGET_NAME)";
				SWIFT_VERSION = 5.0;
				TARGETED_DEVICE_FAMILY = "1,2";
			};
			name = Release;
		};
		3ED61C21240A7D4700D05A2D /* Debug */ = {
			isa = XCBuildConfiguration;
			buildSettings = {
				ALWAYS_EMBED_SWIFT_STANDARD_LIBRARIES = YES;
				BUNDLE_LOADER = "$(TEST_HOST)";
				CODE_SIGN_STYLE = Automatic;
				DEVELOPMENT_TEAM = KZUH8T552C;
				INFOPLIST_FILE = wpZadanieTests/Info.plist;
				IPHONEOS_DEPLOYMENT_TARGET = 13.2;
				LD_RUNPATH_SEARCH_PATHS = (
					"$(inherited)",
					"@executable_path/Frameworks",
					"@loader_path/Frameworks",
				);
				PRODUCT_BUNDLE_IDENTIFIER = "filip-harasim.wpZadanieTests";
				PRODUCT_NAME = "$(TARGET_NAME)";
				SWIFT_VERSION = 5.0;
				TARGETED_DEVICE_FAMILY = "1,2";
				TEST_HOST = "$(BUILT_PRODUCTS_DIR)/wpZadanie.app/wpZadanie";
			};
			name = Debug;
		};
		3ED61C22240A7D4700D05A2D /* Release */ = {
			isa = XCBuildConfiguration;
			buildSettings = {
				ALWAYS_EMBED_SWIFT_STANDARD_LIBRARIES = YES;
				BUNDLE_LOADER = "$(TEST_HOST)";
				CODE_SIGN_STYLE = Automatic;
				DEVELOPMENT_TEAM = KZUH8T552C;
				INFOPLIST_FILE = wpZadanieTests/Info.plist;
				IPHONEOS_DEPLOYMENT_TARGET = 13.2;
				LD_RUNPATH_SEARCH_PATHS = (
					"$(inherited)",
					"@executable_path/Frameworks",
					"@loader_path/Frameworks",
				);
				PRODUCT_BUNDLE_IDENTIFIER = "filip-harasim.wpZadanieTests";
				PRODUCT_NAME = "$(TARGET_NAME)";
				SWIFT_VERSION = 5.0;
				TARGETED_DEVICE_FAMILY = "1,2";
				TEST_HOST = "$(BUILT_PRODUCTS_DIR)/wpZadanie.app/wpZadanie";
			};
			name = Release;
		};
/* End XCBuildConfiguration section */

/* Begin XCConfigurationList section */
		3ED61BF9240A7D3F00D05A2D /* Build configuration list for PBXProject "wpZadanie" */ = {
			isa = XCConfigurationList;
			buildConfigurations = (
				3ED61C1B240A7D4700D05A2D /* Debug */,
				3ED61C1C240A7D4700D05A2D /* Release */,
			);
			defaultConfigurationIsVisible = 0;
			defaultConfigurationName = Release;
		};
		3ED61C1D240A7D4700D05A2D /* Build configuration list for PBXNativeTarget "wpZadanie" */ = {
			isa = XCConfigurationList;
			buildConfigurations = (
				3ED61C1E240A7D4700D05A2D /* Debug */,
				3ED61C1F240A7D4700D05A2D /* Release */,
			);
			defaultConfigurationIsVisible = 0;
			defaultConfigurationName = Release;
		};
		3ED61C20240A7D4700D05A2D /* Build configuration list for PBXNativeTarget "wpZadanieTests" */ = {
			isa = XCConfigurationList;
			buildConfigurations = (
				3ED61C21240A7D4700D05A2D /* Debug */,
				3ED61C22240A7D4700D05A2D /* Release */,
			);
			defaultConfigurationIsVisible = 0;
			defaultConfigurationName = Release;
		};
/* End XCConfigurationList section */
	};
	rootObject = 3ED61BF6240A7D3F00D05A2D /* Project object */;
}
